
Microsoft Visual Studio Solution File, Format Version 12.00
# Visual Studio Version 17
VisualStudioVersion = 17.10.0.0
MinimumVisualStudioVersion = 10.0.40219.1
Project("{FAE04EC0-301F-11D3-BF4B-00C04F79EFBC}") = "KupoTradeMaster", "src\KupoTradeMaster\KupoTradeMaster.csproj", "{8F1A6C34-1F87-4C6B-9B8D-9C1B4D2E5A11}"
EndProject
Global
	GlobalSection(SolutionConfigurationPlatforms) = preSolution
		Debug|x64 = Debug|x64
		Release|x64 = Release|x64
	EndGlobalSection
	GlobalSection(ProjectConfigurationPlatforms) = postSolution
		{8F1A6C34-1F87-4C6B-9B8D-9C1B4D2E5A11}.Debug|x64.ActiveCfg = Debug|x64
		{8F1A6C34-1F87-4C6B-9B8D-9C1B4D2E5A11}.Debug|x64.Build.0 = Debug|x64
		{8F1A6C34-1F87-4C6B-9B8D-9C1B4D2E5A11}.Release|x64.ActiveCfg = Release|x64
		{8F1A6C34-1F87-4C6B-9B8D-9C1B4D2E5A11}.Release|x64.Build.0 = Release|x64
	EndGlobalSection
	GlobalSection(SolutionProperties) = preSolution
		HideSolutionNode = FALSE
	EndGlobalSection
EndGlobal
